// !$*UTF8*$!
{
	archiveVersion = 1;
	classes = {
	};
	objectVersion = 50;
	objects = {

/* Begin PBXBuildFile section */
		FA087C242167ABCD00B87D4E /* AppDelegate.swift in Sources */ = {isa = PBXBuildFile; fileRef = FA087C232167ABCD00B87D4E /* AppDelegate.swift */; };
		FA087C262167ABCD00B87D4E /* ViewController.swift in Sources */ = {isa = PBXBuildFile; fileRef = FA087C252167ABCD00B87D4E /* ViewController.swift */; };
		FA087C292167ABCD00B87D4E /* Main.storyboard in Resources */ = {isa = PBXBuildFile; fileRef = FA087C272167ABCD00B87D4E /* Main.storyboard */; };
		FA087C2B2167ABCE00B87D4E /* Assets.xcassets in Resources */ = {isa = PBXBuildFile; fileRef = FA087C2A2167ABCE00B87D4E /* Assets.xcassets */; };
		FA087C2E2167ABCE00B87D4E /* LaunchScreen.storyboard in Resources */ = {isa = PBXBuildFile; fileRef = FA087C2C2167ABCE00B87D4E /* LaunchScreen.storyboard */; };
		FA087C392167ABCE00B87D4E /* ProfileTests.swift in Sources */ = {isa = PBXBuildFile; fileRef = FA087C382167ABCE00B87D4E /* ProfileTests.swift */; };
		FA087C442167ABCE00B87D4E /* ProfileUITests.swift in Sources */ = {isa = PBXBuildFile; fileRef = FA087C432167ABCE00B87D4E /* ProfileUITests.swift */; };
/* End PBXBuildFile section */

/* Begin PBXContainerItemProxy section */
		FA087C352167ABCE00B87D4E /* PBXContainerItemProxy */ = {
			isa = PBXContainerItemProxy;
			containerPortal = FA087C182167ABCD00B87D4E /* Project object */;
			proxyType = 1;
			remoteGlobalIDString = FA087C1F2167ABCD00B87D4E;
			remoteInfo = Profile;
		};
		FA087C402167ABCE00B87D4E /* PBXContainerItemProxy */ = {
			isa = PBXContainerItemProxy;
			containerPortal = FA087C182167ABCD00B87D4E /* Project object */;
			proxyType = 1;
			remoteGlobalIDString = FA087C1F2167ABCD00B87D4E;
			remoteInfo = Profile;
		};
/* End PBXContainerItemProxy section */

/* Begin PBXFileReference section */
		FA087C202167ABCD00B87D4E /* Profile.app */ = {isa = PBXFileReference; explicitFileType = wrapper.application; includeInIndex = 0; path = Profile.app; sourceTree = BUILT_PRODUCTS_DIR; };
		FA087C232167ABCD00B87D4E /* AppDelegate.swift */ = {isa = PBXFileReference; lastKnownFileType = sourcecode.swift; path = AppDelegate.swift; sourceTree = "<group>"; };
		FA087C252167ABCD00B87D4E /* ViewController.swift */ = {isa = PBXFileReference; lastKnownFileType = sourcecode.swift; path = ViewController.swift; sourceTree = "<group>"; };
		FA087C282167ABCD00B87D4E /* Base */ = {isa = PBXFileReference; lastKnownFileType = file.storyboard; name = Base; path = Base.lproj/Main.storyboard; sourceTree = "<group>"; };
		FA087C2A2167ABCE00B87D4E /* Assets.xcassets */ = {isa = PBXFileReference; lastKnownFileType = folder.assetcatalog; path = Assets.xcassets; sourceTree = "<group>"; };
		FA087C2D2167ABCE00B87D4E /* Base */ = {isa = PBXFileReference; lastKnownFileType = file.storyboard; name = Base; path = Base.lproj/LaunchScreen.storyboard; sourceTree = "<group>"; };
		FA087C2F2167ABCE00B87D4E /* Info.plist */ = {isa = PBXFileReference; lastKnownFileType = text.plist.xml; path = Info.plist; sourceTree = "<group>"; };
		FA087C342167ABCE00B87D4E /* ProfileTests.xctest */ = {isa = PBXFileReference; explicitFileType = wrapper.cfbundle; includeInIndex = 0; path = ProfileTests.xctest; sourceTree = BUILT_PRODUCTS_DIR; };
		FA087C382167ABCE00B87D4E /* ProfileTests.swift */ = {isa = PBXFileReference; lastKnownFileType = sourcecode.swift; path = ProfileTests.swift; sourceTree = "<group>"; };
		FA087C3A2167ABCE00B87D4E /* Info.plist */ = {isa = PBXFileReference; lastKnownFileType = text.plist.xml; path = Info.plist; sourceTree = "<group>"; };
		FA087C3F2167ABCE00B87D4E /* ProfileUITests.xctest */ = {isa = PBXFileReference; explicitFileType = wrapper.cfbundle; includeInIndex = 0; path = ProfileUITests.xctest; sourceTree = BUILT_PRODUCTS_DIR; };
		FA087C432167ABCE00B87D4E /* ProfileUITests.swift */ = {isa = PBXFileReference; lastKnownFileType = sourcecode.swift; path = ProfileUITests.swift; sourceTree = "<group>"; };
		FA087C452167ABCE00B87D4E /* Info.plist */ = {isa = PBXFileReference; lastKnownFileType = text.plist.xml; path = Info.plist; sourceTree = "<group>"; };
/* End PBXFileReference section */

/* Begin PBXFrameworksBuildPhase section */
		FA087C1D2167ABCD00B87D4E /* Frameworks */ = {
			isa = PBXFrameworksBuildPhase;
			buildActionMask = 2147483647;
			files = (
			);
			runOnlyForDeploymentPostprocessing = 0;
		};
		FA087C312167ABCE00B87D4E /* Frameworks */ = {
			isa = PBXFrameworksBuildPhase;
			buildActionMask = 2147483647;
			files = (
			);
			runOnlyForDeploymentPostprocessing = 0;
		};
		FA087C3C2167ABCE00B87D4E /* Frameworks */ = {
			isa = PBXFrameworksBuildPhase;
			buildActionMask = 2147483647;
			files = (
			);
			runOnlyForDeploymentPostprocessing = 0;
		};
/* End PBXFrameworksBuildPhase section */

/* Begin PBXGroup section */
		FA087C172167ABCD00B87D4E = {
			isa = PBXGroup;
			children = (
				FA087C222167ABCD00B87D4E /* Profile */,
				FA087C372167ABCE00B87D4E /* ProfileTests */,
				FA087C422167ABCE00B87D4E /* ProfileUITests */,
				FA087C212167ABCD00B87D4E /* Products */,
			);
			sourceTree = "<group>";
		};
		FA087C212167ABCD00B87D4E /* Products */ = {
			isa = PBXGroup;
			children = (
				FA087C202167ABCD00B87D4E /* Profile.app */,
				FA087C342167ABCE00B87D4E /* ProfileTests.xctest */,
				FA087C3F2167ABCE00B87D4E /* ProfileUITests.xctest */,
			);
			name = Products;
			sourceTree = "<group>";
		};
		FA087C222167ABCD00B87D4E /* Profile */ = {
			isa = PBXGroup;
			children = (
				FA087C232167ABCD00B87D4E /* AppDelegate.swift */,
				FA087C252167ABCD00B87D4E /* ViewController.swift */,
				FA087C272167ABCD00B87D4E /* Main.storyboard */,
				FA087C2A2167ABCE00B87D4E /* Assets.xcassets */,
				FA087C2C2167ABCE00B87D4E /* LaunchScreen.storyboard */,
				FA087C2F2167ABCE00B87D4E /* Info.plist */,
			);
			path = Profile;
			sourceTree = "<group>";
		};
		FA087C372167ABCE00B87D4E /* ProfileTests */ = {
			isa = PBXGroup;
			children = (
				FA087C382167ABCE00B87D4E /* ProfileTests.swift */,
				FA087C3A2167ABCE00B87D4E /* Info.plist */,
			);
			path = ProfileTests;
			sourceTree = "<group>";
		};
		FA087C422167ABCE00B87D4E /* ProfileUITests */ = {
			isa = PBXGroup;
			children = (
				FA087C432167ABCE00B87D4E /* ProfileUITests.swift */,
				FA087C452167ABCE00B87D4E /* Info.plist */,
			);
			path = ProfileUITests;
			sourceTree = "<group>";
		};
/* End PBXGroup section */

/* Begin PBXNativeTarget section */
		FA087C1F2167ABCD00B87D4E /* Profile */ = {
			isa = PBXNativeTarget;
			buildConfigurationList = FA087C482167ABCE00B87D4E /* Build configuration list for PBXNativeTarget "Profile" */;
			buildPhases = (
				FA087C1C2167ABCD00B87D4E /* Sources */,
				FA087C1D2167ABCD00B87D4E /* Frameworks */,
				FA087C1E2167ABCD00B87D4E /* Resources */,
			);
			buildRules = (
			);
			dependencies = (
			);
			name = Profile;
			productName = Profile;
			productReference = FA087C202167ABCD00B87D4E /* Profile.app */;
			productType = "com.apple.product-type.application";
		};
		FA087C332167ABCE00B87D4E /* ProfileTests */ = {
			isa = PBXNativeTarget;
			buildConfigurationList = FA087C4B2167ABCE00B87D4E /* Build configuration list for PBXNativeTarget "ProfileTests" */;
			buildPhases = (
				FA087C302167ABCE00B87D4E /* Sources */,
				FA087C312167ABCE00B87D4E /* Frameworks */,
				FA087C322167ABCE00B87D4E /* Resources */,
			);
			buildRules = (
			);
			dependencies = (
				FA087C362167ABCE00B87D4E /* PBXTargetDependency */,
			);
			name = ProfileTests;
			productName = ProfileTests;
			productReference = FA087C342167ABCE00B87D4E /* ProfileTests.xctest */;
			productType = "com.apple.product-type.bundle.unit-test";
		};
		FA087C3E2167ABCE00B87D4E /* ProfileUITests */ = {
			isa = PBXNativeTarget;
			buildConfigurationList = FA087C4E2167ABCE00B87D4E /* Build configuration list for PBXNativeTarget "ProfileUITests" */;
			buildPhases = (
				FA087C3B2167ABCE00B87D4E /* Sources */,
				FA087C3C2167ABCE00B87D4E /* Frameworks */,
				FA087C3D2167ABCE00B87D4E /* Resources */,
			);
			buildRules = (
			);
			dependencies = (
				FA087C412167ABCE00B87D4E /* PBXTargetDependency */,
			);
			name = ProfileUITests;
			productName = ProfileUITests;
			productReference = FA087C3F2167ABCE00B87D4E /* ProfileUITests.xctest */;
			productType = "com.apple.product-type.bundle.ui-testing";
		};
/* End PBXNativeTarget section */

/* Begin PBXProject section */
		FA087C182167ABCD00B87D4E /* Project object */ = {
			isa = PBXProject;
			attributes = {
				LastSwiftUpdateCheck = 0940;
				LastUpgradeCheck = 0940;
				ORGANIZATIONNAME = "MacBook ";
				TargetAttributes = {
					FA087C1F2167ABCD00B87D4E = {
						CreatedOnToolsVersion = 9.4;
					};
					FA087C332167ABCE00B87D4E = {
						CreatedOnToolsVersion = 9.4;
						TestTargetID = FA087C1F2167ABCD00B87D4E;
					};
					FA087C3E2167ABCE00B87D4E = {
						CreatedOnToolsVersion = 9.4;
						TestTargetID = FA087C1F2167ABCD00B87D4E;
					};
				};
			};
			buildConfigurationList = FA087C1B2167ABCD00B87D4E /* Build configuration list for PBXProject "Profile" */;
			compatibilityVersion = "Xcode 9.3";
			developmentRegion = en;
			hasScannedForEncodings = 0;
			knownRegions = (
				en,
				Base,
			);
			mainGroup = FA087C172167ABCD00B87D4E;
			productRefGroup = FA087C212167ABCD00B87D4E /* Products */;
			projectDirPath = "";
			projectRoot = "";
			targets = (
				FA087C1F2167ABCD00B87D4E /* Profile */,
				FA087C332167ABCE00B87D4E /* ProfileTests */,
				FA087C3E2167ABCE00B87D4E /* ProfileUITests */,
			);
		};
/* End PBXProject section */

/* Begin PBXResourcesBuildPhase section */
		FA087C1E2167ABCD00B87D4E /* Resources */ = {
			isa = PBXResourcesBuildPhase;
			buildActionMask = 2147483647;
			files = (
				FA087C2E2167ABCE00B87D4E /* LaunchScreen.storyboard in Resources */,
				FA087C2B2167ABCE00B87D4E /* Assets.xcassets in Resources */,
				FA087C292167ABCD00B87D4E /* Main.storyboard in Resources */,
			);
			runOnlyForDeploymentPostprocessing = 0;
		};
		FA087C322167ABCE00B87D4E /* Resources */ = {
			isa = PBXResourcesBuildPhase;
			buildActionMask = 2147483647;
			files = (
			);
			runOnlyForDeploymentPostprocessing = 0;
		};
		FA087C3D2167ABCE00B87D4E /* Resources */ = {
			isa = PBXResourcesBuildPhase;
			buildActionMask = 2147483647;
			files = (
			);
			runOnlyForDeploymentPostprocessing = 0;
		};
/* End PBXResourcesBuildPhase section */

/* Begin PBXSourcesBuildPhase section */
		FA087C1C2167ABCD00B87D4E /* Sources */ = {
			isa = PBXSourcesBuildPhase;
			buildActionMask = 2147483647;
			files = (
				FA087C262167ABCD00B87D4E /* ViewController.swift in Sources */,
				FA087C242167ABCD00B87D4E /* AppDelegate.swift in Sources */,
			);
			runOnlyForDeploymentPostprocessing = 0;
		};
		FA087C302167ABCE00B87D4E /* Sources */ = {
			isa = PBXSourcesBuildPhase;
			buildActionMask = 2147483647;
			files = (
				FA087C392167ABCE00B87D4E /* ProfileTests.swift in Sources */,
			);
			runOnlyForDeploymentPostprocessing = 0;
		};
		FA087C3B2167ABCE00B87D4E /* Sources */ = {
			isa = PBXSourcesBuildPhase;
			buildActionMask = 2147483647;
			files = (
				FA087C442167ABCE00B87D4E /* ProfileUITests.swift in Sources */,
			);
			runOnlyForDeploymentPostprocessing = 0;
		};
/* End PBXSourcesBuildPhase section */

/* Begin PBXTargetDependency section */
		FA087C362167ABCE00B87D4E /* PBXTargetDependency */ = {
			isa = PBXTargetDependency;
			target = FA087C1F2167ABCD00B87D4E /* Profile */;
			targetProxy = FA087C352167ABCE00B87D4E /* PBXContainerItemProxy */;
		};
		FA087C412167ABCE00B87D4E /* PBXTargetDependency */ = {
			isa = PBXTargetDependency;
			target = FA087C1F2167ABCD00B87D4E /* Profile */;
			targetProxy = FA087C402167ABCE00B87D4E /* PBXContainerItemProxy */;
		};
/* End PBXTargetDependency section */

/* Begin PBXVariantGroup section */
		FA087C272167ABCD00B87D4E /* Main.storyboard */ = {
			isa = PBXVariantGroup;
			children = (
				FA087C282167ABCD00B87D4E /* Base */,
			);
			name = Main.storyboard;
			sourceTree = "<group>";
		};
		FA087C2C2167ABCE00B87D4E /* LaunchScreen.storyboard */ = {
			isa = PBXVariantGroup;
			children = (
				FA087C2D2167ABCE00B87D4E /* Base */,
			);
			name = LaunchScreen.storyboard;
			sourceTree = "<group>";
		};
/* End PBXVariantGroup section */

/* Begin XCBuildConfiguration section */
		FA087C462167ABCE00B87D4E /* Debug */ = {
			isa = XCBuildConfiguration;
			buildSettings = {
				ALWAYS_SEARCH_USER_PATHS = NO;
				CLANG_ANALYZER_NONNULL = YES;
				CLANG_ANALYZER_NUMBER_OBJECT_CONVERSION = YES_AGGRESSIVE;
				CLANG_CXX_LANGUAGE_STANDARD = "gnu++14";
				CLANG_CXX_LIBRARY = "libc++";
				CLANG_ENABLE_MODULES = YES;
				CLANG_ENABLE_OBJC_ARC = YES;
				CLANG_ENABLE_OBJC_WEAK = YES;
				CLANG_WARN_BLOCK_CAPTURE_AUTORELEASING = YES;
				CLANG_WARN_BOOL_CONVERSION = YES;
				CLANG_WARN_COMMA = YES;
				CLANG_WARN_CONSTANT_CONVERSION = YES;
				CLANG_WARN_DEPRECATED_OBJC_IMPLEMENTATIONS = YES;
				CLANG_WARN_DIRECT_OBJC_ISA_USAGE = YES_ERROR;
				CLANG_WARN_DOCUMENTATION_COMMENTS = YES;
				CLANG_WARN_EMPTY_BODY = YES;
				CLANG_WARN_ENUM_CONVERSION = YES;
				CLANG_WARN_INFINITE_RECURSION = YES;
				CLANG_WARN_INT_CONVERSION = YES;
				CLANG_WARN_NON_LITERAL_NULL_CONVERSION = YES;
				CLANG_WARN_OBJC_IMPLICIT_RETAIN_SELF = YES;
				CLANG_WARN_OBJC_LITERAL_CONVERSION = YES;
				CLANG_WARN_OBJC_ROOT_CLASS = YES_ERROR;
				CLANG_WARN_RANGE_LOOP_ANALYSIS = YES;
				CLANG_WARN_STRICT_PROTOTYPES = YES;
				CLANG_WARN_SUSPICIOUS_MOVE = YES;
				CLANG_WARN_UNGUARDED_AVAILABILITY = YES_AGGRESSIVE;
				CLANG_WARN_UNREACHABLE_CODE = YES;
				CLANG_WARN__DUPLICATE_METHOD_MATCH = YES;
				CODE_SIGN_IDENTITY = "iPhone Developer";
				COPY_PHASE_STRIP = NO;
				DEBUG_INFORMATION_FORMAT = dwarf;
				ENABLE_STRICT_OBJC_MSGSEND = YES;
				ENABLE_TESTABILITY = YES;
				GCC_C_LANGUAGE_STANDARD = gnu11;
				GCC_DYNAMIC_NO_PIC = NO;
				GCC_NO_COMMON_BLOCKS = YES;
				GCC_OPTIMIZATION_LEVEL = 0;
				GCC_PREPROCESSOR_DEFINITIONS = (
					"DEBUG=1",
					"$(inherited)",
				);
				GCC_WARN_64_TO_32_BIT_CONVERSION = YES;
				GCC_WARN_ABOUT_RETURN_TYPE = YES_ERROR;
				GCC_WARN_UNDECLARED_SELECTOR = YES;
				GCC_WARN_UNINITIALIZED_AUTOS = YES_AGGRESSIVE;
				GCC_WARN_UNUSED_FUNCTION = YES;
				GCC_WARN_UNUSED_VARIABLE = YES;
				IPHONEOS_DEPLOYMENT_TARGET = 11.4;
				MTL_ENABLE_DEBUG_INFO = YES;
				ONLY_ACTIVE_ARCH = YES;
				SDKROOT = iphoneos;
				SWIFT_ACTIVE_COMPILATION_CONDITIONS = DEBUG;
				SWIFT_OPTIMIZATION_LEVEL = "-Onone";
			};
			name = Debug;
		};
		FA087C472167ABCE00B87D4E /* Release */ = {
			isa = XCBuildConfiguration;
			buildSettings = {
				ALWAYS_SEARCH_USER_PATHS = NO;
				CLANG_ANALYZER_NONNULL = YES;
				CLANG_ANALYZER_NUMBER_OBJECT_CONVERSION = YES_AGGRESSIVE;
				CLANG_CXX_LANGUAGE_STANDARD = "gnu++14";
				CLANG_CXX_LIBRARY = "libc++";
				CLANG_ENABLE_MODULES = YES;
				CLANG_ENABLE_OBJC_ARC = YES;
				CLANG_ENABLE_OBJC_WEAK = YES;
				CLANG_WARN_BLOCK_CAPTURE_AUTORELEASING = YES;
				CLANG_WARN_BOOL_CONVERSION = YES;
				CLANG_WARN_COMMA = YES;
				CLANG_WARN_CONSTANT_CONVERSION = YES;
				CLANG_WARN_DEPRECATED_OBJC_IMPLEMENTATIONS = YES;
				CLANG_WARN_DIRECT_OBJC_ISA_USAGE = YES_ERROR;
				CLANG_WARN_DOCUMENTATION_COMMENTS = YES;
				CLANG_WARN_EMPTY_BODY = YES;
				CLANG_WARN_ENUM_CONVERSION = YES;
				CLANG_WARN_INFINITE_RECURSION = YES;
				CLANG_WARN_INT_CONVERSION = YES;
				CLANG_WARN_NON_LITERAL_NULL_CONVERSION = YES;
				CLANG_WARN_OBJC_IMPLICIT_RETAIN_SELF = YES;
				CLANG_WARN_OBJC_LITERAL_CONVERSION = YES;
				CLANG_WARN_OBJC_ROOT_CLASS = YES_ERROR;
				CLANG_WARN_RANGE_LOOP_ANALYSIS = YES;
				CLANG_WARN_STRICT_PROTOTYPES = YES;
				CLANG_WARN_SUSPICIOUS_MOVE = YES;
				CLANG_WARN_UNGUARDED_AVAILABILITY = YES_AGGRESSIVE;
				CLANG_WARN_UNREACHABLE_CODE = YES;
				CLANG_WARN__DUPLICATE_METHOD_MATCH = YES;
				CODE_SIGN_IDENTITY = "iPhone Developer";
				COPY_PHASE_STRIP = NO;
				DEBUG_INFORMATION_FORMAT = "dwarf-with-dsym";
				ENABLE_NS_ASSERTIONS = NO;
				ENABLE_STRICT_OBJC_MSGSEND = YES;
				GCC_C_LANGUAGE_STANDARD = gnu11;
				GCC_NO_COMMON_BLOCKS = YES;
				GCC_WARN_64_TO_32_BIT_CONVERSION = YES;
				GCC_WARN_ABOUT_RETURN_TYPE = YES_ERROR;
				GCC_WARN_UNDECLARED_SELECTOR = YES;
				GCC_WARN_UNINITIALIZED_AUTOS = YES_AGGRESSIVE;
				GCC_WARN_UNUSED_FUNCTION = YES;
				GCC_WARN_UNUSED_VARIABLE = YES;
				IPHONEOS_DEPLOYMENT_TARGET = 11.4;
				MTL_ENABLE_DEBUG_INFO = NO;
				SDKROOT = iphoneos;
				SWIFT_COMPILATION_MODE = wholemodule;
				SWIFT_OPTIMIZATION_LEVEL = "-O";
				VALIDATE_PRODUCT = YES;
			};
			name = Release;
		};
		FA087C492167ABCE00B87D4E /* Debug */ = {
			isa = XCBuildConfiguration;
			buildSettings = {
				ASSETCATALOG_COMPILER_APPICON_NAME = AppIcon;
				CODE_SIGN_STYLE = Automatic;
				INFOPLIST_FILE = Profile/Info.plist;
				LD_RUNPATH_SEARCH_PATHS = (
					"$(inherited)",
					"@executable_path/Frameworks",
				);
				PRODUCT_BUNDLE_IDENTIFIER = DevApps.Profile;
				PRODUCT_NAME = "$(TARGET_NAME)";
				SWIFT_VERSION = 4.0;
				TARGETED_DEVICE_FAMILY = "1,2";
			};
			name = Debug;
		};
		FA087C4A2167ABCE00B87D4E /* Release */ = {
			isa = XCBuildConfiguration;
			buildSettings = {
				ASSETCATALOG_COMPILER_APPICON_NAME = AppIcon;
				CODE_SIGN_STYLE = Automatic;
				INFOPLIST_FILE = Profile/Info.plist;
				LD_RUNPATH_SEARCH_PATHS = (
					"$(inherited)",
					"@executable_path/Frameworks",
				);
				PRODUCT_BUNDLE_IDENTIFIER = DevApps.Profile;
				PRODUCT_NAME = "$(TARGET_NAME)";
				SWIFT_VERSION = 4.0;
				TARGETED_DEVICE_FAMILY = "1,2";
			};
			name = Release;
		};
		FA087C4C2167ABCE00B87D4E /* Debug */ = {
			isa = XCBuildConfiguration;
			buildSettings = {
				ALWAYS_EMBED_SWIFT_STANDARD_LIBRARIES = YES;
				BUNDLE_LOADER = "$(TEST_HOST)";
				CODE_SIGN_STYLE = Automatic;
				INFOPLIST_FILE = ProfileTests/Info.plist;
				LD_RUNPATH_SEARCH_PATHS = (
					"$(inherited)",
					"@executable_path/Frameworks",
					"@loader_path/Frameworks",
				);
				PRODUCT_BUNDLE_IDENTIFIER = DevApps.ProfileTests;
				PRODUCT_NAME = "$(TARGET_NAME)";
				SWIFT_VERSION = 4.0;
				TARGETED_DEVICE_FAMILY = "1,2";
				TEST_HOST = "$(BUILT_PRODUCTS_DIR)/Profile.app/Profile";
			};
			name = Debug;
		};
		FA087C4D2167ABCE00B87D4E /* Release */ = {
			isa = XCBuildConfiguration;
			buildSettings = {
				ALWAYS_EMBED_SWIFT_STANDARD_LIBRARIES = YES;
				BUNDLE_LOADER = "$(TEST_HOST)";
				CODE_SIGN_STYLE = Automatic;
				INFOPLIST_FILE = ProfileTests/Info.plist;
				LD_RUNPATH_SEARCH_PATHS = (
					"$(inherited)",
					"@executable_path/Frameworks",
					"@loader_path/Frameworks",
				);
				PRODUCT_BUNDLE_IDENTIFIER = DevApps.ProfileTests;
				PRODUCT_NAME = "$(TARGET_NAME)";
				SWIFT_VERSION = 4.0;
				TARGETED_DEVICE_FAMILY = "1,2";
				TEST_HOST = "$(BUILT_PRODUCTS_DIR)/Profile.app/Profile";
			};
			name = Release;
		};
		FA087C4F2167ABCE00B87D4E /* Debug */ = {
			isa = XCBuildConfiguration;
			buildSettings = {
				ALWAYS_EMBED_SWIFT_STANDARD_LIBRARIES = YES;
				CODE_SIGN_STYLE = Automatic;
				INFOPLIST_FILE = ProfileUITests/Info.plist;
				LD_RUNPATH_SEARCH_PATHS = (
					"$(inherited)",
					"@executable_path/Frameworks",
					"@loader_path/Frameworks",
				);
				PRODUCT_BUNDLE_IDENTIFIER = DevApps.ProfileUITests;
				PRODUCT_NAME = "$(TARGET_NAME)";
				SWIFT_VERSION = 4.0;
				TARGETED_DEVICE_FAMILY = "1,2";
				TEST_TARGET_NAME = Profile;
			};
			name = Debug;
		};
		FA087C502167ABCE00B87D4E /* Release */ = {
			isa = XCBuildConfiguration;
			buildSettings = {
				ALWAYS_EMBED_SWIFT_STANDARD_LIBRARIES = YES;
				CODE_SIGN_STYLE = Automatic;
				INFOPLIST_FILE = ProfileUITests/Info.plist;
				LD_RUNPATH_SEARCH_PATHS = (
					"$(inherited)",
					"@executable_path/Frameworks",
					"@loader_path/Frameworks",
				);
				PRODUCT_BUNDLE_IDENTIFIER = DevApps.ProfileUITests;
				PRODUCT_NAME = "$(TARGET_NAME)";
				SWIFT_VERSION = 4.0;
				TARGETED_DEVICE_FAMILY = "1,2";
				TEST_TARGET_NAME = Profile;
			};
			name = Release;
		};
/* End XCBuildConfiguration section */

/* Begin XCConfigurationList section */
		FA087C1B2167ABCD00B87D4E /* Build configuration list for PBXProject "Profile" */ = {
			isa = XCConfigurationList;
			buildConfigurations = (
				FA087C462167ABCE00B87D4E /* Debug */,
				FA087C472167ABCE00B87D4E /* Release */,
			);
			defaultConfigurationIsVisible = 0;
			defaultConfigurationName = Release;
		};
		FA087C482167ABCE00B87D4E /* Build configuration list for PBXNativeTarget "Profile" */ = {
			isa = XCConfigurationList;
			buildConfigurations = (
				FA087C492167ABCE00B87D4E /* Debug */,
				FA087C4A2167ABCE00B87D4E /* Release */,
			);
			defaultConfigurationIsVisible = 0;
			defaultConfigurationName = Release;
		};
		FA087C4B2167ABCE00B87D4E /* Build configuration list for PBXNativeTarget "ProfileTests" */ = {
			isa = XCConfigurationList;
			buildConfigurations = (
				FA087C4C2167ABCE00B87D4E /* Debug */,
				FA087C4D2167ABCE00B87D4E /* Release */,
			);
			defaultConfigurationIsVisible = 0;
			defaultConfigurationName = Release;
		};
		FA087C4E2167ABCE00B87D4E /* Build configuration list for PBXNativeTarget "ProfileUITests" */ = {
			isa = XCConfigurationList;
			buildConfigurations = (
				FA087C4F2167ABCE00B87D4E /* Debug */,
				FA087C502167ABCE00B87D4E /* Release */,
			);
			defaultConfigurationIsVisible = 0;
			defaultConfigurationName = Release;
		};
/* End XCConfigurationList section */
	};
	rootObject = FA087C182167ABCD00B87D4E /* Project object */;
}
